<Solution>
  <Configurations>
    <Platform Name="Any CPU" />
    <Platform Name="x64" />
    <Platform Name="x86" />
  </Configurations>
  <Folder Name="/FFmpeg-Binaries/">
    <File Path="ffmpeg-binaries/FFmpegDotNet.bin.winx64/FFmpegDotNet.bin.winx64.nuspec" />
    <File Path="ffmpeg-binaries/FFmpegDotNet.bin.winx64/FFmpegDotNet.bin.winx64.props" />
    <File Path="ffmpeg-binaries/LICENSE.txt" />
    <File Path="ffmpeg-binaries/README.md" />
  </Folder>
  <Folder Name="/FFmpeg-Binaries/binaries/">
    <File Path="ffmpeg-binaries/FFmpegDotNet.bin.winx64/ffmpeg/win-x64/avcodec-63.dll" />
    <File Path="ffmpeg-binaries/FFmpegDotNet.bin.winx64/ffmpeg/win-x64/avdevice-63.dll" />
    <File Path="ffmpeg-binaries/FFmpegDotNet.bin.winx64/ffmpeg/win-x64/avfilter-12.dll" />
    <File Path="ffmpeg-binaries/FFmpegDotNet.bin.winx64/ffmpeg/win-x64/avformat-63.dll" />
    <File Path="ffmpeg-binaries/FFmpegDotNet.bin.winx64/ffmpeg/win-x64/avutil-61.dll" />
    <File Path="ffmpeg-binaries/FFmpegDotNet.bin.winx64/ffmpeg/win-x64/ffmpeg.exe" />
    <File Path="ffmpeg-binaries/FFmpegDotNet.bin.winx64/ffmpeg/win-x64/ffplay.exe" />
    <File Path="ffmpeg-binaries/FFmpegDotNet.bin.winx64/ffmpeg/win-x64/ffprobe.exe" />
    <File Path="ffmpeg-binaries/FFmpegDotNet.bin.winx64/ffmpeg/win-x64/swresample-7.dll" />
    <File Path="ffmpeg-binaries/FFmpegDotNet.bin.winx64/ffmpeg/win-x64/swscale-10.dll" />
  </Folder>
  <Folder Name="/ghActions/">
    <File Path=".github/workflows/documentation.yml" />
    <File Path=".github/workflows/Release.yml" />
  </Folder>
  <Project Path="FFmpeg.AutoGen/FFmpeg.AutoGen/FFmpeg.AutoGen.csproj" />
  <Project Path="FFmpeg/FFmpeg.csproj" />
  <Project Path="FFmpegTest/FFmpegTest.csproj" />
</Solution>
